
Microsoft Visual Studio Solution File, Format Version 12.00
# Visual Studio Version 16
VisualStudioVersion = 16.0.31424.327
MinimumVisualStudioVersion = 10.0.40219.1
Project("{FAE04EC0-301F-11D3-BF4B-00C04F79EFBC}") = "EFGetStarted", "EFGetStarted\EFGetStarted.csproj", "{0138A726-5972-4C8A-BD90-6ACEC3166492}"
EndProject
Global
	GlobalSection(SolutionConfigurationPlatforms) = preSolution
		Debug|Any CPU = Debug|Any CPU
		Release|Any CPU = Release|Any CPU
	EndGlobalSection
	GlobalSection(ProjectConfigurationPlatforms) = postSolution
		{0138A726-5972-4C8A-BD90-6ACEC3166492}.Debug|Any CPU.ActiveCfg = Debug|Any CPU
		{0138A726-5972-4C8A-BD90-6ACEC3166492}.Debug|Any CPU.Build.0 = Debug|Any CPU
		{0138A726-5972-4C8A-BD90-6ACEC3166492}.Release|Any CPU.ActiveCfg = Release|Any CPU
		{0138A726-5972-4C8A-BD90-6ACEC3166492}.Release|Any CPU.Build.0 = Release|Any CPU
	EndGlobalSection
	GlobalSection(SolutionProperties) = preSolution
		HideSolutionNode = FALSE
	EndGlobalSection
	GlobalSection(ExtensibilityGlobals) = postSolution
		SolutionGuid = {397BFDA2-740F-47FD-B2DB-456CFE6436D1}
	EndGlobalSection
EndGlobal
